
Microsoft Visual Studio Solution File, Format Version 12.00
# Visual Studio 14
VisualStudioVersion = 14.0.23107.0
MinimumVisualStudioVersion = 10.0.40219.1
Project("{FAE04EC0-301F-11D3-BF4B-00C04F79EFBC}") = "DiagonalMatrixAddition", "HackerRank\DiagonalMatrixAddition.csproj", "{90EDA838-B0B3-444B-8407-51F33684A30D}"
EndProject
Project("{FAE04EC0-301F-11D3-BF4B-00C04F79EFBC}") = "FractionOfNumbers", "FractionOfNumbers\FractionOfNumbers.csproj", "{26DB63BA-D07B-423C-BF36-46B65EB1E9E0}"
EndProject
Project("{FAE04EC0-301F-11D3-BF4B-00C04F79EFBC}") = "Caculate_e^x", "Caculate_e^x\Caculate_e^x.csproj", "{EFC29E5C-B811-4EFF-8B30-3CFE1E8711D9}"
EndProject
Project("{FAE04EC0-301F-11D3-BF4B-00C04F79EFBC}") = "StairCase", "StairCase\StairCase.csproj", "{E94CC048-475B-479D-9C14-0B7DF81E0D89}"
EndProject
Project("{FAE04EC0-301F-11D3-BF4B-00C04F79EFBC}") = "AMPMtoMilitaryTime", "AMPMtoMilitaryTime\AMPMtoMilitaryTime.csproj", "{B515A7A8-FF25-48FE-A620-BCDBC963FE37}"
EndProject
Project("{FAE04EC0-301F-11D3-BF4B-00C04F79EFBC}") = "LibraryFine", "LibraryFine\LibraryFine.csproj", "{C9AD34B0-A04A-4309-98B2-C199850D42E7}"
EndProject
Project("{FAE04EC0-301F-11D3-BF4B-00C04F79EFBC}") = "ExtraLongFactorials", "ExtraLongFactorials\ExtraLongFactorials.csproj", "{EDF7B850-352D-42AB-B2AB-3A7B909F4A56}"
EndProject
Project("{FAE04EC0-301F-11D3-BF4B-00C04F79EFBC}") = "AngryProfessor", "AngryProfessor\AngryProfessor.csproj", "{03D5A8C0-D642-478C-A1EE-D57C998D3BA7}"
EndProject
Project("{FAE04EC0-301F-11D3-BF4B-00C04F79EFBC}") = "SherlockAndTheBeast", "SherlockAndTheBeast\SherlockAndTheBeast.csproj", "{01A2C666-9DF2-447C-B000-5818F02A47D1}"
EndProject
Project("{FAE04EC0-301F-11D3-BF4B-00C04F79EFBC}") = "UtopiaTree", "UtopiaTree\UtopiaTree.csproj", "{4F797866-5534-45AE-A956-719BDA754932}"
EndProject
Project("{FAE04EC0-301F-11D3-BF4B-00C04F79EFBC}") = "FindDigits", "FindDigits\FindDigits.csproj", "{5782C855-2127-4C5D-960A-86E9A272DB89}"
EndProject
Project("{FAE04EC0-301F-11D3-BF4B-00C04F79EFBC}") = "CutTheSticks", "CutTheSticks\CutTheSticks.csproj", "{247FDED5-3EA2-4348-B8E7-9BC4ADF4C4C2}"
EndProject
Project("{FAE04EC0-301F-11D3-BF4B-00C04F79EFBC}") = "SherlockAndSquares", "SherlockAndSquares\SherlockAndSquares.csproj", "{291C8D5A-C198-4734-90B0-8F5A608FB18C}"
EndProject
Project("{FAE04EC0-301F-11D3-BF4B-00C04F79EFBC}") = "ChocolateFeast", "ChocolateFeast\ChocolateFeast.csproj", "{83830CA9-A11F-45C7-8DEC-9341554FB9E0}"
EndProject
Project("{FAE04EC0-301F-11D3-BF4B-00C04F79EFBC}") = "CaesarChiper", "CaesarChiper\CaesarChiper.csproj", "{29454D95-FCF4-45D9-B5E9-E1A9093E5B5A}"
EndProject
Project("{FAE04EC0-301F-11D3-BF4B-00C04F79EFBC}") = "tutorial-intro(Sorting)", "tutorial-intro(Sorting)\tutorial-intro(Sorting).csproj", "{DA0470F3-3968-475B-996C-6AF808E56866}"
EndProject
Project("{FAE04EC0-301F-11D3-BF4B-00C04F79EFBC}") = "InsertSort1", "InsertSort1\InsertSort1.csproj", "{AF6834B1-D561-4B95-9C53-51AA407675F4}"
EndProject
Project("{FAE04EC0-301F-11D3-BF4B-00C04F79EFBC}") = "InsertSort2", "InsertSort2\InsertSort2.csproj", "{6492864C-5214-4565-AE10-439DB18F47BA}"
EndProject
Project("{FAE04EC0-301F-11D3-BF4B-00C04F79EFBC}") = "QuickSort1", "QuickSort1\QuickSort1.csproj", "{A7A243EA-904B-4ECA-AC4A-E7D40720B153}"
EndProject
Project("{FAE04EC0-301F-11D3-BF4B-00C04F79EFBC}") = "QuickSort2", "QuickSort2\QuickSort2.csproj", "{AA1A9092-CA7B-448B-9684-7AF9AE5A5B49}"
EndProject
Project("{FAE04EC0-301F-11D3-BF4B-00C04F79EFBC}") = "InPlaceQuicksort", "InPlaceQuicksort\InPlaceQuicksort.csproj", "{5DF49732-3B55-4C8D-B40C-462549060A67}"
EndProject
Project("{FAE04EC0-301F-11D3-BF4B-00C04F79EFBC}") = "FibonnachiModified", "FibonnachiModified\FibonnachiModified.csproj", "{A1C54F68-324D-4C39-AB61-E4C8A2D786B6}"
EndProject
Global
	GlobalSection(SolutionConfigurationPlatforms) = preSolution
		Debug|Any CPU = Debug|Any CPU
		Release|Any CPU = Release|Any CPU
	EndGlobalSection
	GlobalSection(ProjectConfigurationPlatforms) = postSolution
		{90EDA838-B0B3-444B-8407-51F33684A30D}.Debug|Any CPU.ActiveCfg = Debug|Any CPU
		{90EDA838-B0B3-444B-8407-51F33684A30D}.Debug|Any CPU.Build.0 = Debug|Any CPU
		{90EDA838-B0B3-444B-8407-51F33684A30D}.Release|Any CPU.ActiveCfg = Release|Any CPU
		{90EDA838-B0B3-444B-8407-51F33684A30D}.Release|Any CPU.Build.0 = Release|Any CPU
		{26DB63BA-D07B-423C-BF36-46B65EB1E9E0}.Debug|Any CPU.ActiveCfg = Debug|Any CPU
		{26DB63BA-D07B-423C-BF36-46B65EB1E9E0}.Debug|Any CPU.Build.0 = Debug|Any CPU
		{26DB63BA-D07B-423C-BF36-46B65EB1E9E0}.Release|Any CPU.ActiveCfg = Release|Any CPU
		{26DB63BA-D07B-423C-BF36-46B65EB1E9E0}.Release|Any CPU.Build.0 = Release|Any CPU
		{EFC29E5C-B811-4EFF-8B30-3CFE1E8711D9}.Debug|Any CPU.ActiveCfg = Debug|Any CPU
		{EFC29E5C-B811-4EFF-8B30-3CFE1E8711D9}.Debug|Any CPU.Build.0 = Debug|Any CPU
		{EFC29E5C-B811-4EFF-8B30-3CFE1E8711D9}.Release|Any CPU.ActiveCfg = Release|Any CPU
		{EFC29E5C-B811-4EFF-8B30-3CFE1E8711D9}.Release|Any CPU.Build.0 = Release|Any CPU
		{E94CC048-475B-479D-9C14-0B7DF81E0D89}.Debug|Any CPU.ActiveCfg = Debug|Any CPU
		{E94CC048-475B-479D-9C14-0B7DF81E0D89}.Debug|Any CPU.Build.0 = Debug|Any CPU
		{E94CC048-475B-479D-9C14-0B7DF81E0D89}.Release|Any CPU.ActiveCfg = Release|Any CPU
		{E94CC048-475B-479D-9C14-0B7DF81E0D89}.Release|Any CPU.Build.0 = Release|Any CPU
		{B515A7A8-FF25-48FE-A620-BCDBC963FE37}.Debug|Any CPU.ActiveCfg = Debug|Any CPU
		{B515A7A8-FF25-48FE-A620-BCDBC963FE37}.Debug|Any CPU.Build.0 = Debug|Any CPU
		{B515A7A8-FF25-48FE-A620-BCDBC963FE37}.Release|Any CPU.ActiveCfg = Release|Any CPU
		{B515A7A8-FF25-48FE-A620-BCDBC963FE37}.Release|Any CPU.Build.0 = Release|Any CPU
		{C9AD34B0-A04A-4309-98B2-C199850D42E7}.Debug|Any CPU.ActiveCfg = Debug|Any CPU
		{C9AD34B0-A04A-4309-98B2-C199850D42E7}.Debug|Any CPU.Build.0 = Debug|Any CPU
		{C9AD34B0-A04A-4309-98B2-C199850D42E7}.Release|Any CPU.ActiveCfg = Release|Any CPU
		{C9AD34B0-A04A-4309-98B2-C199850D42E7}.Release|Any CPU.Build.0 = Release|Any CPU
		{EDF7B850-352D-42AB-B2AB-3A7B909F4A56}.Debug|Any CPU.ActiveCfg = Debug|Any CPU
		{EDF7B850-352D-42AB-B2AB-3A7B909F4A56}.Debug|Any CPU.Build.0 = Debug|Any CPU
		{EDF7B850-352D-42AB-B2AB-3A7B909F4A56}.Release|Any CPU.ActiveCfg = Release|Any CPU
		{EDF7B850-352D-42AB-B2AB-3A7B909F4A56}.Release|Any CPU.Build.0 = Release|Any CPU
		{03D5A8C0-D642-478C-A1EE-D57C998D3BA7}.Debug|Any CPU.ActiveCfg = Debug|Any CPU
		{03D5A8C0-D642-478C-A1EE-D57C998D3BA7}.Debug|Any CPU.Build.0 = Debug|Any CPU
		{03D5A8C0-D642-478C-A1EE-D57C998D3BA7}.Release|Any CPU.ActiveCfg = Release|Any CPU
		{03D5A8C0-D642-478C-A1EE-D57C998D3BA7}.Release|Any CPU.Build.0 = Release|Any CPU
		{01A2C666-9DF2-447C-B000-5818F02A47D1}.Debug|Any CPU.ActiveCfg = Debug|Any CPU
		{01A2C666-9DF2-447C-B000-5818F02A47D1}.Debug|Any CPU.Build.0 = Debug|Any CPU
		{01A2C666-9DF2-447C-B000-5818F02A47D1}.Release|Any CPU.ActiveCfg = Release|Any CPU
		{01A2C666-9DF2-447C-B000-5818F02A47D1}.Release|Any CPU.Build.0 = Release|Any CPU
		{4F797866-5534-45AE-A956-719BDA754932}.Debug|Any CPU.ActiveCfg = Debug|Any CPU
		{4F797866-5534-45AE-A956-719BDA754932}.Debug|Any CPU.Build.0 = Debug|Any CPU
		{4F797866-5534-45AE-A956-719BDA754932}.Release|Any CPU.ActiveCfg = Release|Any CPU
		{4F797866-5534-45AE-A956-719BDA754932}.Release|Any CPU.Build.0 = Release|Any CPU
		{5782C855-2127-4C5D-960A-86E9A272DB89}.Debug|Any CPU.ActiveCfg = Debug|Any CPU
		{5782C855-2127-4C5D-960A-86E9A272DB89}.Debug|Any CPU.Build.0 = Debug|Any CPU
		{5782C855-2127-4C5D-960A-86E9A272DB89}.Release|Any CPU.ActiveCfg = Release|Any CPU
		{5782C855-2127-4C5D-960A-86E9A272DB89}.Release|Any CPU.Build.0 = Release|Any CPU
		{247FDED5-3EA2-4348-B8E7-9BC4ADF4C4C2}.Debug|Any CPU.ActiveCfg = Debug|Any CPU
		{247FDED5-3EA2-4348-B8E7-9BC4ADF4C4C2}.Debug|Any CPU.Build.0 = Debug|Any CPU
		{247FDED5-3EA2-4348-B8E7-9BC4ADF4C4C2}.Release|Any CPU.ActiveCfg = Release|Any CPU
		{247FDED5-3EA2-4348-B8E7-9BC4ADF4C4C2}.Release|Any CPU.Build.0 = Release|Any CPU
		{291C8D5A-C198-4734-90B0-8F5A608FB18C}.Debug|Any CPU.ActiveCfg = Debug|Any CPU
		{291C8D5A-C198-4734-90B0-8F5A608FB18C}.Debug|Any CPU.Build.0 = Debug|Any CPU
		{291C8D5A-C198-4734-90B0-8F5A608FB18C}.Release|Any CPU.ActiveCfg = Release|Any CPU
		{291C8D5A-C198-4734-90B0-8F5A608FB18C}.Release|Any CPU.Build.0 = Release|Any CPU
		{83830CA9-A11F-45C7-8DEC-9341554FB9E0}.Debug|Any CPU.ActiveCfg = Debug|Any CPU
		{83830CA9-A11F-45C7-8DEC-9341554FB9E0}.Debug|Any CPU.Build.0 = Debug|Any CPU
		{83830CA9-A11F-45C7-8DEC-9341554FB9E0}.Release|Any CPU.ActiveCfg = Release|Any CPU
		{83830CA9-A11F-45C7-8DEC-9341554FB9E0}.Release|Any CPU.Build.0 = Release|Any CPU
		{29454D95-FCF4-45D9-B5E9-E1A9093E5B5A}.Debug|Any CPU.ActiveCfg = Debug|Any CPU
		{29454D95-FCF4-45D9-B5E9-E1A9093E5B5A}.Debug|Any CPU.Build.0 = Debug|Any CPU
		{29454D95-FCF4-45D9-B5E9-E1A9093E5B5A}.Release|Any CPU.ActiveCfg = Release|Any CPU
		{29454D95-FCF4-45D9-B5E9-E1A9093E5B5A}.Release|Any CPU.Build.0 = Release|Any CPU
		{DA0470F3-3968-475B-996C-6AF808E56866}.Debug|Any CPU.ActiveCfg = Debug|Any CPU
		{DA0470F3-3968-475B-996C-6AF808E56866}.Debug|Any CPU.Build.0 = Debug|Any CPU
		{DA0470F3-3968-475B-996C-6AF808E56866}.Release|Any CPU.ActiveCfg = Release|Any CPU
		{DA0470F3-3968-475B-996C-6AF808E56866}.Release|Any CPU.Build.0 = Release|Any CPU
		{AF6834B1-D561-4B95-9C53-51AA407675F4}.Debug|Any CPU.ActiveCfg = Debug|Any CPU
		{AF6834B1-D561-4B95-9C53-51AA407675F4}.Debug|Any CPU.Build.0 = Debug|Any CPU
		{AF6834B1-D561-4B95-9C53-51AA407675F4}.Release|Any CPU.ActiveCfg = Release|Any CPU
		{AF6834B1-D561-4B95-9C53-51AA407675F4}.Release|Any CPU.Build.0 = Release|Any CPU
		{6492864C-5214-4565-AE10-439DB18F47BA}.Debug|Any CPU.ActiveCfg = Debug|Any CPU
		{6492864C-5214-4565-AE10-439DB18F47BA}.Debug|Any CPU.Build.0 = Debug|Any CPU
		{6492864C-5214-4565-AE10-439DB18F47BA}.Release|Any CPU.ActiveCfg = Release|Any CPU
		{6492864C-5214-4565-AE10-439DB18F47BA}.Release|Any CPU.Build.0 = Release|Any CPU
		{A7A243EA-904B-4ECA-AC4A-E7D40720B153}.Debug|Any CPU.ActiveCfg = Debug|Any CPU
		{A7A243EA-904B-4ECA-AC4A-E7D40720B153}.Debug|Any CPU.Build.0 = Debug|Any CPU
		{A7A243EA-904B-4ECA-AC4A-E7D40720B153}.Release|Any CPU.ActiveCfg = Release|Any CPU
		{A7A243EA-904B-4ECA-AC4A-E7D40720B153}.Release|Any CPU.Build.0 = Release|Any CPU
		{AA1A9092-CA7B-448B-9684-7AF9AE5A5B49}.Debug|Any CPU.ActiveCfg = Debug|Any CPU
		{AA1A9092-CA7B-448B-9684-7AF9AE5A5B49}.Debug|Any CPU.Build.0 = Debug|Any CPU
		{AA1A9092-CA7B-448B-9684-7AF9AE5A5B49}.Release|Any CPU.ActiveCfg = Release|Any CPU
		{AA1A9092-CA7B-448B-9684-7AF9AE5A5B49}.Release|Any CPU.Build.0 = Release|Any CPU
		{5DF49732-3B55-4C8D-B40C-462549060A67}.Debug|Any CPU.ActiveCfg = Debug|Any CPU
		{5DF49732-3B55-4C8D-B40C-462549060A67}.Debug|Any CPU.Build.0 = Debug|Any CPU
		{5DF49732-3B55-4C8D-B40C-462549060A67}.Release|Any CPU.ActiveCfg = Release|Any CPU
		{5DF49732-3B55-4C8D-B40C-462549060A67}.Release|Any CPU.Build.0 = Release|Any CPU
		{A1C54F68-324D-4C39-AB61-E4C8A2D786B6}.Debug|Any CPU.ActiveCfg = Debug|Any CPU
		{A1C54F68-324D-4C39-AB61-E4C8A2D786B6}.Debug|Any CPU.Build.0 = Debug|Any CPU
		{A1C54F68-324D-4C39-AB61-E4C8A2D786B6}.Release|Any CPU.ActiveCfg = Release|Any CPU
		{A1C54F68-324D-4C39-AB61-E4C8A2D786B6}.Release|Any CPU.Build.0 = Release|Any CPU
	EndGlobalSection
	GlobalSection(SolutionProperties) = preSolution
		HideSolutionNode = FALSE
	EndGlobalSection
EndGlobal
